
Microsoft Visual Studio Solution File, Format Version 12.00
# Visual Studio Version 16
VisualStudioVersion = 16.0.29519.87
MinimumVisualStudioVersion = 10.0.40219.1
Project("{888888A0-9F3D-457C-B088-3A5042F75D52}") = "Document_Scanner", "Document_Scanner.pyproj", "{86E41479-D38F-4666-9639-91036B32A66C}"
EndProject
Global
	GlobalSection(SolutionConfigurationPlatforms) = preSolution
		Debug|Any CPU = Debug|Any CPU
		Release|Any CPU = Release|Any CPU
	EndGlobalSection
	GlobalSection(ProjectConfigurationPlatforms) = postSolution
		{86E41479-D38F-4666-9639-91036B32A66C}.Debug|Any CPU.ActiveCfg = Debug|Any CPU
		{86E41479-D38F-4666-9639-91036B32A66C}.Release|Any CPU.ActiveCfg = Release|Any CPU
	EndGlobalSection
	GlobalSection(SolutionProperties) = preSolution
		HideSolutionNode = FALSE
	EndGlobalSection
	GlobalSection(ExtensibilityGlobals) = postSolution
		SolutionGuid = {5A744C21-CCF6-4281-A96B-CD9CBFC6DB5C}
	EndGlobalSection
EndGlobal
